
Microsoft Visual Studio Solution File, Format Version 12.00
# Visual Studio Version 16
VisualStudioVersion = 16.0.33423.256
MinimumVisualStudioVersion = 10.0.40219.1
Project("{FAE04EC0-301F-11D3-BF4B-00C04F79EFBC}") = "ModernUI_Flat_DesignApp", "ModernUI_Flat_DesignApp\ModernUI_Flat_DesignApp.csproj", "{CCAC7A58-3238-4B2A-B5B1-5D1DC4C73C6C}"
EndProject
Global
	GlobalSection(SolutionConfigurationPlatforms) = preSolution
		Debug|Any CPU = Debug|Any CPU
		Release|Any CPU = Release|Any CPU
	EndGlobalSection
	GlobalSection(ProjectConfigurationPlatforms) = postSolution
		{CCAC7A58-3238-4B2A-B5B1-5D1DC4C73C6C}.Debug|Any CPU.ActiveCfg = Debug|Any CPU
		{CCAC7A58-3238-4B2A-B5B1-5D1DC4C73C6C}.Debug|Any CPU.Build.0 = Debug|Any CPU
		{CCAC7A58-3238-4B2A-B5B1-5D1DC4C73C6C}.Release|Any CPU.ActiveCfg = Release|Any CPU
		{CCAC7A58-3238-4B2A-B5B1-5D1DC4C73C6C}.Release|Any CPU.Build.0 = Release|Any CPU
	EndGlobalSection
	GlobalSection(SolutionProperties) = preSolution
		HideSolutionNode = FALSE
	EndGlobalSection
	GlobalSection(ExtensibilityGlobals) = postSolution
		SolutionGuid = {E1C0ACD6-33FB-451B-A0CA-3B7F84A005F5}
	EndGlobalSection
EndGlobal
