
Microsoft Visual Studio Solution File, Format Version 12.00
# Visual Studio Version 16
VisualStudioVersion = 16.0.33423.256
MinimumVisualStudioVersion = 10.0.40219.1
Project("{FAE04EC0-301F-11D3-BF4B-00C04F79EFBC}") = "AddressManagement", "AddressManagement\AddressManagement.csproj", "{F66B25C6-FE74-4274-B99E-1C52CD7CE488}"
EndProject
Global
	GlobalSection(SolutionConfigurationPlatforms) = preSolution
		Debug|Any CPU = Debug|Any CPU
		Release|Any CPU = Release|Any CPU
	EndGlobalSection
	GlobalSection(ProjectConfigurationPlatforms) = postSolution
		{F66B25C6-FE74-4274-B99E-1C52CD7CE488}.Debug|Any CPU.ActiveCfg = Debug|Any CPU
		{F66B25C6-FE74-4274-B99E-1C52CD7CE488}.Debug|Any CPU.Build.0 = Debug|Any CPU
		{F66B25C6-FE74-4274-B99E-1C52CD7CE488}.Release|Any CPU.ActiveCfg = Release|Any CPU
		{F66B25C6-FE74-4274-B99E-1C52CD7CE488}.Release|Any CPU.Build.0 = Release|Any CPU
	EndGlobalSection
	GlobalSection(SolutionProperties) = preSolution
		HideSolutionNode = FALSE
	EndGlobalSection
	GlobalSection(ExtensibilityGlobals) = postSolution
		SolutionGuid = {A4872008-B5D6-4538-AD7D-EDF27E55723A}
	EndGlobalSection
EndGlobal
