
Microsoft Visual Studio Solution File, Format Version 12.00
# Visual Studio Version 16
VisualStudioVersion = 16.0.33423.256
MinimumVisualStudioVersion = 10.0.40219.1
Project("{FAE04EC0-301F-11D3-BF4B-00C04F79EFBC}") = "ChangeNumber", "ChangeNumber\ChangeNumber.csproj", "{6BE2CDC4-327F-465C-AFBB-5CD33FEE822B}"
EndProject
Global
	GlobalSection(SolutionConfigurationPlatforms) = preSolution
		Debug|Any CPU = Debug|Any CPU
		Release|Any CPU = Release|Any CPU
	EndGlobalSection
	GlobalSection(ProjectConfigurationPlatforms) = postSolution
		{6BE2CDC4-327F-465C-AFBB-5CD33FEE822B}.Debug|Any CPU.ActiveCfg = Debug|Any CPU
		{6BE2CDC4-327F-465C-AFBB-5CD33FEE822B}.Debug|Any CPU.Build.0 = Debug|Any CPU
		{6BE2CDC4-327F-465C-AFBB-5CD33FEE822B}.Release|Any CPU.ActiveCfg = Release|Any CPU
		{6BE2CDC4-327F-465C-AFBB-5CD33FEE822B}.Release|Any CPU.Build.0 = Release|Any CPU
	EndGlobalSection
	GlobalSection(SolutionProperties) = preSolution
		HideSolutionNode = FALSE
	EndGlobalSection
	GlobalSection(ExtensibilityGlobals) = postSolution
		SolutionGuid = {8AADE5A5-B902-4DBB-B0B1-58F548FDA6C8}
	EndGlobalSection
EndGlobal
