
Microsoft Visual Studio Solution File, Format Version 12.00
# Visual Studio Version 16
VisualStudioVersion = 16.0.33423.256
MinimumVisualStudioVersion = 10.0.40219.1
Project("{FAE04EC0-301F-11D3-BF4B-00C04F79EFBC}") = "PersonInfo", "PersonInfo\PersonInfo.csproj", "{40ED8A74-D830-4188-976C-2E59C20B282F}"
EndProject
Global
	GlobalSection(SolutionConfigurationPlatforms) = preSolution
		Debug|Any CPU = Debug|Any CPU
		Release|Any CPU = Release|Any CPU
	EndGlobalSection
	GlobalSection(ProjectConfigurationPlatforms) = postSolution
		{40ED8A74-D830-4188-976C-2E59C20B282F}.Debug|Any CPU.ActiveCfg = Debug|Any CPU
		{40ED8A74-D830-4188-976C-2E59C20B282F}.Debug|Any CPU.Build.0 = Debug|Any CPU
		{40ED8A74-D830-4188-976C-2E59C20B282F}.Release|Any CPU.ActiveCfg = Release|Any CPU
		{40ED8A74-D830-4188-976C-2E59C20B282F}.Release|Any CPU.Build.0 = Release|Any CPU
	EndGlobalSection
	GlobalSection(SolutionProperties) = preSolution
		HideSolutionNode = FALSE
	EndGlobalSection
	GlobalSection(ExtensibilityGlobals) = postSolution
		SolutionGuid = {D7092D51-3AA1-4BEA-BC3C-F16E9A1003ED}
	EndGlobalSection
EndGlobal
