
Microsoft Visual Studio Solution File, Format Version 12.00
# Visual Studio Version 17
VisualStudioVersion = 17.5.33516.290
MinimumVisualStudioVersion = 10.0.40219.1
Project("{FAE04EC0-301F-11D3-BF4B-00C04F79EFBC}") = "PersonList", "PersonList\PersonList.csproj", "{994CC729-7495-4450-AC6D-333CA9656E05}"
EndProject
Global
	GlobalSection(SolutionConfigurationPlatforms) = preSolution
		Debug|Any CPU = Debug|Any CPU
		Release|Any CPU = Release|Any CPU
	EndGlobalSection
	GlobalSection(ProjectConfigurationPlatforms) = postSolution
		{994CC729-7495-4450-AC6D-333CA9656E05}.Debug|Any CPU.ActiveCfg = Debug|Any CPU
		{994CC729-7495-4450-AC6D-333CA9656E05}.Debug|Any CPU.Build.0 = Debug|Any CPU
		{994CC729-7495-4450-AC6D-333CA9656E05}.Release|Any CPU.ActiveCfg = Release|Any CPU
		{994CC729-7495-4450-AC6D-333CA9656E05}.Release|Any CPU.Build.0 = Release|Any CPU
	EndGlobalSection
	GlobalSection(SolutionProperties) = preSolution
		HideSolutionNode = FALSE
	EndGlobalSection
	GlobalSection(ExtensibilityGlobals) = postSolution
		SolutionGuid = {B6588B78-1C1D-4472-A668-B3131AC03372}
	EndGlobalSection
EndGlobal
