
Microsoft Visual Studio Solution File, Format Version 12.00
# Visual Studio Version 16
VisualStudioVersion = 16.0.33423.256
MinimumVisualStudioVersion = 10.0.40219.1
Project("{FAE04EC0-301F-11D3-BF4B-00C04F79EFBC}") = "NavigationDrawerApp", "NavigationDrawerApp\NavigationDrawerApp.csproj", "{13CE445A-AC6C-4AEE-981C-AC65444A3616}"
EndProject
Global
	GlobalSection(SolutionConfigurationPlatforms) = preSolution
		Debug|Any CPU = Debug|Any CPU
		Release|Any CPU = Release|Any CPU
	EndGlobalSection
	GlobalSection(ProjectConfigurationPlatforms) = postSolution
		{13CE445A-AC6C-4AEE-981C-AC65444A3616}.Debug|Any CPU.ActiveCfg = Debug|Any CPU
		{13CE445A-AC6C-4AEE-981C-AC65444A3616}.Debug|Any CPU.Build.0 = Debug|Any CPU
		{13CE445A-AC6C-4AEE-981C-AC65444A3616}.Release|Any CPU.ActiveCfg = Release|Any CPU
		{13CE445A-AC6C-4AEE-981C-AC65444A3616}.Release|Any CPU.Build.0 = Release|Any CPU
	EndGlobalSection
	GlobalSection(SolutionProperties) = preSolution
		HideSolutionNode = FALSE
	EndGlobalSection
	GlobalSection(ExtensibilityGlobals) = postSolution
		SolutionGuid = {581E00C8-652E-4943-8C30-FCCBF351F5C6}
	EndGlobalSection
EndGlobal
